
Microsoft Visual Studio Solution File, Format Version 12.00
# Visual Studio Version 16
VisualStudioVersion = 16.0.31321.278
MinimumVisualStudioVersion = 10.0.40219.1
Project("{FAE04EC0-301F-11D3-BF4B-00C04F79EFBC}") = "MovieDBApi", "MovieDBApi\MovieDBApi.csproj", "{9745FB61-CAD0-44BE-AD87-9952F5DD6E9A}"
EndProject
Global
	GlobalSection(SolutionConfigurationPlatforms) = preSolution
		Debug|Any CPU = Debug|Any CPU
		Release|Any CPU = Release|Any CPU
	EndGlobalSection
	GlobalSection(ProjectConfigurationPlatforms) = postSolution
		{9745FB61-CAD0-44BE-AD87-9952F5DD6E9A}.Debug|Any CPU.ActiveCfg = Debug|Any CPU
		{9745FB61-CAD0-44BE-AD87-9952F5DD6E9A}.Debug|Any CPU.Build.0 = Debug|Any CPU
		{9745FB61-CAD0-44BE-AD87-9952F5DD6E9A}.Release|Any CPU.ActiveCfg = Release|Any CPU
		{9745FB61-CAD0-44BE-AD87-9952F5DD6E9A}.Release|Any CPU.Build.0 = Release|Any CPU
	EndGlobalSection
	GlobalSection(SolutionProperties) = preSolution
		HideSolutionNode = FALSE
	EndGlobalSection
	GlobalSection(ExtensibilityGlobals) = postSolution
		SolutionGuid = {48F9268C-17EC-4721-B6AE-0654BCBF73B8}
	EndGlobalSection
EndGlobal
